
Microsoft Visual Studio Solution File, Format Version 12.00
# Visual Studio 15
Project("{FAE04EC0-301F-11D3-BF4B-00C04F79EFBC}") = "XamarinChatApp.Android", "XamarinChatApp.Android\XamarinChatApp.Android.csproj", "{837AF77B-CAD8-4317-8134-F04AE598BAA9}"
EndProject
Project("{FAE04EC0-301F-11D3-BF4B-00C04F79EFBC}") = "XamarinChatApp.iOS", "XamarinChatApp.iOS\XamarinChatApp.iOS.csproj", "{09639B9E-24C7-496A-B87B-C0EA59234F07}"
EndProject
Project("{FAE04EC0-301F-11D3-BF4B-00C04F79EFBC}") = "XamarinChatApp", "XamarinChatApp\XamarinChatApp.csproj", "{2E17FD5A-61BD-4050-B612-AE129E41881F}"
EndProject
Global
	GlobalSection(SolutionConfigurationPlatforms) = preSolution
		Debug|Any CPU = Debug|Any CPU
		Release|Any CPU = Release|Any CPU
		Debug|iPhoneSimulator = Debug|iPhoneSimulator
		Release|iPhoneSimulator = Release|iPhoneSimulator
		Debug|iPhone = Debug|iPhone
		Release|iPhone = Release|iPhone
	EndGlobalSection
	GlobalSection(ProjectConfigurationPlatforms) = postSolution
		{837AF77B-CAD8-4317-8134-F04AE598BAA9}.Debug|Any CPU.ActiveCfg = Debug|Any CPU
		{837AF77B-CAD8-4317-8134-F04AE598BAA9}.Debug|Any CPU.Build.0 = Debug|Any CPU
		{837AF77B-CAD8-4317-8134-F04AE598BAA9}.Release|Any CPU.ActiveCfg = Release|Any CPU
		{837AF77B-CAD8-4317-8134-F04AE598BAA9}.Release|Any CPU.Build.0 = Release|Any CPU
		{837AF77B-CAD8-4317-8134-F04AE598BAA9}.Debug|iPhoneSimulator.ActiveCfg = Debug|Any CPU
		{837AF77B-CAD8-4317-8134-F04AE598BAA9}.Debug|iPhoneSimulator.Build.0 = Debug|Any CPU
		{837AF77B-CAD8-4317-8134-F04AE598BAA9}.Release|iPhoneSimulator.ActiveCfg = Release|Any CPU
		{837AF77B-CAD8-4317-8134-F04AE598BAA9}.Release|iPhoneSimulator.Build.0 = Release|Any CPU
		{837AF77B-CAD8-4317-8134-F04AE598BAA9}.Debug|iPhone.ActiveCfg = Debug|Any CPU
		{837AF77B-CAD8-4317-8134-F04AE598BAA9}.Debug|iPhone.Build.0 = Debug|Any CPU
		{837AF77B-CAD8-4317-8134-F04AE598BAA9}.Release|iPhone.ActiveCfg = Release|Any CPU
		{837AF77B-CAD8-4317-8134-F04AE598BAA9}.Release|iPhone.Build.0 = Release|Any CPU
		{09639B9E-24C7-496A-B87B-C0EA59234F07}.Debug|Any CPU.ActiveCfg = Debug|iPhoneSimulator
		{09639B9E-24C7-496A-B87B-C0EA59234F07}.Debug|Any CPU.Build.0 = Debug|iPhoneSimulator
		{09639B9E-24C7-496A-B87B-C0EA59234F07}.Release|Any CPU.ActiveCfg = Release|iPhoneSimulator
		{09639B9E-24C7-496A-B87B-C0EA59234F07}.Release|Any CPU.Build.0 = Release|iPhoneSimulator
		{09639B9E-24C7-496A-B87B-C0EA59234F07}.Debug|iPhoneSimulator.ActiveCfg = Debug|iPhoneSimulator
		{09639B9E-24C7-496A-B87B-C0EA59234F07}.Debug|iPhoneSimulator.Build.0 = Debug|iPhoneSimulator
		{09639B9E-24C7-496A-B87B-C0EA59234F07}.Release|iPhoneSimulator.ActiveCfg = Release|iPhoneSimulator
		{09639B9E-24C7-496A-B87B-C0EA59234F07}.Release|iPhoneSimulator.Build.0 = Release|iPhoneSimulator
		{09639B9E-24C7-496A-B87B-C0EA59234F07}.Debug|iPhone.ActiveCfg = Debug|iPhone
		{09639B9E-24C7-496A-B87B-C0EA59234F07}.Debug|iPhone.Build.0 = Debug|iPhone
		{09639B9E-24C7-496A-B87B-C0EA59234F07}.Release|iPhone.ActiveCfg = Release|iPhone
		{09639B9E-24C7-496A-B87B-C0EA59234F07}.Release|iPhone.Build.0 = Release|iPhone
		{2E17FD5A-61BD-4050-B612-AE129E41881F}.Debug|Any CPU.ActiveCfg = Debug|Any CPU
		{2E17FD5A-61BD-4050-B612-AE129E41881F}.Debug|Any CPU.Build.0 = Debug|Any CPU
		{2E17FD5A-61BD-4050-B612-AE129E41881F}.Release|Any CPU.ActiveCfg = Release|Any CPU
		{2E17FD5A-61BD-4050-B612-AE129E41881F}.Release|Any CPU.Build.0 = Release|Any CPU
		{2E17FD5A-61BD-4050-B612-AE129E41881F}.Debug|iPhoneSimulator.ActiveCfg = Debug|Any CPU
		{2E17FD5A-61BD-4050-B612-AE129E41881F}.Debug|iPhoneSimulator.Build.0 = Debug|Any CPU
		{2E17FD5A-61BD-4050-B612-AE129E41881F}.Release|iPhoneSimulator.ActiveCfg = Release|Any CPU
		{2E17FD5A-61BD-4050-B612-AE129E41881F}.Release|iPhoneSimulator.Build.0 = Release|Any CPU
		{2E17FD5A-61BD-4050-B612-AE129E41881F}.Debug|iPhone.ActiveCfg = Debug|Any CPU
		{2E17FD5A-61BD-4050-B612-AE129E41881F}.Debug|iPhone.Build.0 = Debug|Any CPU
		{2E17FD5A-61BD-4050-B612-AE129E41881F}.Release|iPhone.ActiveCfg = Release|Any CPU
		{2E17FD5A-61BD-4050-B612-AE129E41881F}.Release|iPhone.Build.0 = Release|Any CPU
	EndGlobalSection
EndGlobal
